
Microsoft Visual Studio Solution File, Format Version 12.00
# Visual Studio 15
VisualStudioVersion = 15.0.28010.2041
MinimumVisualStudioVersion = 10.0.40219.1
Project("{E24C65DC-7377-472B-9ABA-BC803B73C61A}") = "WebProyectoRetas", ".", "{D6D1FBA8-D92E-44B2-B338-9919E04D2C44}"
	ProjectSection(WebsiteProperties) = preProject
		TargetFrameworkMoniker = ".NETFramework,Version%3Dv4.5.2"
		Debug.AspNetCompiler.VirtualPath = "/localhost_62000"
		Debug.AspNetCompiler.PhysicalPath = "..\WebProyectoRetas\"
		Debug.AspNetCompiler.TargetPath = "PrecompiledWeb\localhost_62000\"
		Debug.AspNetCompiler.Updateable = "true"
		Debug.AspNetCompiler.ForceOverwrite = "true"
		Debug.AspNetCompiler.FixedNames = "false"
		Debug.AspNetCompiler.Debug = "True"
		Release.AspNetCompiler.VirtualPath = "/localhost_62000"
		Release.AspNetCompiler.PhysicalPath = "..\WebProyectoRetas\"
		Release.AspNetCompiler.TargetPath = "PrecompiledWeb\localhost_62000\"
		Release.AspNetCompiler.Updateable = "true"
		Release.AspNetCompiler.ForceOverwrite = "true"
		Release.AspNetCompiler.FixedNames = "false"
		Release.AspNetCompiler.Debug = "False"
		VWDPort = "62000"
		SlnRelativePath = "..\WebProyectoRetas\"
	EndProjectSection
EndProject
Global
	GlobalSection(SolutionConfigurationPlatforms) = preSolution
		Debug|Any CPU = Debug|Any CPU
	EndGlobalSection
	GlobalSection(ProjectConfigurationPlatforms) = postSolution
		{D6D1FBA8-D92E-44B2-B338-9919E04D2C44}.Debug|Any CPU.ActiveCfg = Debug|Any CPU
		{D6D1FBA8-D92E-44B2-B338-9919E04D2C44}.Debug|Any CPU.Build.0 = Debug|Any CPU
	EndGlobalSection
	GlobalSection(SolutionProperties) = preSolution
		HideSolutionNode = FALSE
	EndGlobalSection
	GlobalSection(ExtensibilityGlobals) = postSolution
		SolutionGuid = {44DF3D77-778C-4879-A8A7-BDFEF00DE1CB}
	EndGlobalSection
EndGlobal
